
Microsoft Visual Studio Solution File, Format Version 12.00
# Visual Studio Version 17
VisualStudioVersion = 17.9.34902.65
MinimumVisualStudioVersion = 10.0.40219.1
Project("{9A19103F-16F7-4668-BE54-9A1E7A4F7556}") = "PokerBot.Logic", "PokerBot.Services\PokerBot.Logic.csproj", "{D5AE7304-27DA-4CD2-BDE2-1577E895A812}"
EndProject
Project("{9A19103F-16F7-4668-BE54-9A1E7A4F7556}") = "PokerBot.Domain", "PokerBot.Domain\PokerBot.Domain.csproj", "{7F682DAA-8AF1-408C-BA0C-61A1C4686604}"
EndProject
Project("{FAE04EC0-301F-11D3-BF4B-00C04F79EFBC}") = "PokerBot.Api", "PokerBot.Api\PokerBot.Api.csproj", "{D443C2E9-AC95-4CCF-A4F1-1F5A0FEF3406}"
EndProject
Global
	GlobalSection(SolutionConfigurationPlatforms) = preSolution
		Debug|Any CPU = Debug|Any CPU
		Release|Any CPU = Release|Any CPU
	EndGlobalSection
	GlobalSection(ProjectConfigurationPlatforms) = postSolution
		{D5AE7304-27DA-4CD2-BDE2-1577E895A812}.Debug|Any CPU.ActiveCfg = Debug|Any CPU
		{D5AE7304-27DA-4CD2-BDE2-1577E895A812}.Debug|Any CPU.Build.0 = Debug|Any CPU
		{D5AE7304-27DA-4CD2-BDE2-1577E895A812}.Release|Any CPU.ActiveCfg = Release|Any CPU
		{D5AE7304-27DA-4CD2-BDE2-1577E895A812}.Release|Any CPU.Build.0 = Release|Any CPU
		{7F682DAA-8AF1-408C-BA0C-61A1C4686604}.Debug|Any CPU.ActiveCfg = Debug|Any CPU
		{7F682DAA-8AF1-408C-BA0C-61A1C4686604}.Debug|Any CPU.Build.0 = Debug|Any CPU
		{7F682DAA-8AF1-408C-BA0C-61A1C4686604}.Release|Any CPU.ActiveCfg = Release|Any CPU
		{7F682DAA-8AF1-408C-BA0C-61A1C4686604}.Release|Any CPU.Build.0 = Release|Any CPU
		{D443C2E9-AC95-4CCF-A4F1-1F5A0FEF3406}.Debug|Any CPU.ActiveCfg = Debug|Any CPU
		{D443C2E9-AC95-4CCF-A4F1-1F5A0FEF3406}.Debug|Any CPU.Build.0 = Debug|Any CPU
		{D443C2E9-AC95-4CCF-A4F1-1F5A0FEF3406}.Release|Any CPU.ActiveCfg = Release|Any CPU
		{D443C2E9-AC95-4CCF-A4F1-1F5A0FEF3406}.Release|Any CPU.Build.0 = Release|Any CPU
	EndGlobalSection
	GlobalSection(SolutionProperties) = preSolution
		HideSolutionNode = FALSE
	EndGlobalSection
	GlobalSection(ExtensibilityGlobals) = postSolution
		SolutionGuid = {05BAEC07-73EE-4E06-BDF3-8FE63027EADE}
	EndGlobalSection
EndGlobal
